
Microsoft Visual Studio Solution File, Format Version 11.00
# Visual Studio 2010
Project("{FAE04EC0-301F-11D3-BF4B-00C04F79EFBC}") = "Project-Olive", "Assembly-CSharp-firstpass.csproj", "{2516B573-DFFE-5053-B7A4-BDE64FD0139E}"
EndProject
Project("{FAE04EC0-301F-11D3-BF4B-00C04F79EFBC}") = "Project-Olive", "Assembly-CSharp.csproj", "{2FAA6677-A508-8444-BB2B-EC4F48EDC446}"
EndProject
Project("{FAE04EC0-301F-11D3-BF4B-00C04F79EFBC}") = "Project-Olive", "Assembly-CSharp-Editor.csproj", "{79EBBD5D-1EEC-D917-BCF4-75AF8B654E86}"
EndProject
Global
	GlobalSection(SolutionConfigurationPlatforms) = preSolution
		Debug|Any CPU = Debug|Any CPU
		Release|Any CPU = Release|Any CPU
	EndGlobalSection
	GlobalSection(ProjectConfigurationPlatforms) = postSolution
		{2516B573-DFFE-5053-B7A4-BDE64FD0139E}.Debug|Any CPU.ActiveCfg = Debug|Any CPU
		{2516B573-DFFE-5053-B7A4-BDE64FD0139E}.Debug|Any CPU.Build.0 = Debug|Any CPU
		{2516B573-DFFE-5053-B7A4-BDE64FD0139E}.Release|Any CPU.ActiveCfg = Release|Any CPU
		{2516B573-DFFE-5053-B7A4-BDE64FD0139E}.Release|Any CPU.Build.0 = Release|Any CPU
		{2FAA6677-A508-8444-BB2B-EC4F48EDC446}.Debug|Any CPU.ActiveCfg = Debug|Any CPU
		{2FAA6677-A508-8444-BB2B-EC4F48EDC446}.Debug|Any CPU.Build.0 = Debug|Any CPU
		{2FAA6677-A508-8444-BB2B-EC4F48EDC446}.Release|Any CPU.ActiveCfg = Release|Any CPU
		{2FAA6677-A508-8444-BB2B-EC4F48EDC446}.Release|Any CPU.Build.0 = Release|Any CPU
		{79EBBD5D-1EEC-D917-BCF4-75AF8B654E86}.Debug|Any CPU.ActiveCfg = Debug|Any CPU
		{79EBBD5D-1EEC-D917-BCF4-75AF8B654E86}.Debug|Any CPU.Build.0 = Debug|Any CPU
		{79EBBD5D-1EEC-D917-BCF4-75AF8B654E86}.Release|Any CPU.ActiveCfg = Release|Any CPU
		{79EBBD5D-1EEC-D917-BCF4-75AF8B654E86}.Release|Any CPU.Build.0 = Release|Any CPU
	EndGlobalSection
	GlobalSection(SolutionProperties) = preSolution
		HideSolutionNode = FALSE
	EndGlobalSection
	GlobalSection(MonoDevelopProperties) = preSolution
		StartupItem = Assembly-CSharp.csproj
	EndGlobalSection
EndGlobal
